
Microsoft Visual Studio Solution File, Format Version 12.00
# Visual Studio Version 16
VisualStudioVersion = 16.0.28803.202
MinimumVisualStudioVersion = 10.0.40219.1
Project("{2150E333-8FDC-42A3-9474-1A3956D46DE8}") = "src", "src", "{19E7A158-E2E2-4532-8E6E-7B395DEA39DF}"
EndProject
Project("{9A19103F-16F7-4668-BE54-9A1E7A4F7556}") = "SaaSFulfillmentClient", "src\SaaSFulfillmentClient\SaaSFulfillmentClient.csproj", "{0A6765F1-CA40-436C-9426-666548890588}"
EndProject
Project("{2150E333-8FDC-42A3-9474-1A3956D46DE8}") = "tests", "tests", "{91B7EB1E-CAEA-442E-AF82-32C2A7EFA9D7}"
EndProject
Project("{9A19103F-16F7-4668-BE54-9A1E7A4F7556}") = "SaaSFulfillmentClientTests", "test\SaaSFulfillmentClientTests\SaaSFulfillmentClientTests.csproj", "{00ACC5EB-8088-48D4-B749-9366393B557A}"
EndProject
Project("{2150E333-8FDC-42A3-9474-1A3956D46DE8}") = "Solution Items", "Solution Items", "{4A3C8F3C-B624-4FC5-BF24-48B201CB4784}"
	ProjectSection(SolutionItems) = preProject
		.editorconfig = .editorconfig
		.gitignore = .gitignore
		global.json = global.json
		..\AMPSaasFulfillmentApiClient\README.md = ..\AMPSaasFulfillmentApiClient\README.md
	EndProjectSection
EndProject
Global
	GlobalSection(SolutionConfigurationPlatforms) = preSolution
		Debug|Any CPU = Debug|Any CPU
		Release|Any CPU = Release|Any CPU
	EndGlobalSection
	GlobalSection(ProjectConfigurationPlatforms) = postSolution
		{0A6765F1-CA40-436C-9426-666548890588}.Debug|Any CPU.ActiveCfg = Debug|Any CPU
		{0A6765F1-CA40-436C-9426-666548890588}.Debug|Any CPU.Build.0 = Debug|Any CPU
		{0A6765F1-CA40-436C-9426-666548890588}.Release|Any CPU.ActiveCfg = Release|Any CPU
		{0A6765F1-CA40-436C-9426-666548890588}.Release|Any CPU.Build.0 = Release|Any CPU
		{00ACC5EB-8088-48D4-B749-9366393B557A}.Debug|Any CPU.ActiveCfg = Debug|Any CPU
		{00ACC5EB-8088-48D4-B749-9366393B557A}.Debug|Any CPU.Build.0 = Debug|Any CPU
		{00ACC5EB-8088-48D4-B749-9366393B557A}.Release|Any CPU.ActiveCfg = Release|Any CPU
		{00ACC5EB-8088-48D4-B749-9366393B557A}.Release|Any CPU.Build.0 = Release|Any CPU
	EndGlobalSection
	GlobalSection(SolutionProperties) = preSolution
		HideSolutionNode = FALSE
	EndGlobalSection
	GlobalSection(NestedProjects) = preSolution
		{0A6765F1-CA40-436C-9426-666548890588} = {19E7A158-E2E2-4532-8E6E-7B395DEA39DF}
		{00ACC5EB-8088-48D4-B749-9366393B557A} = {91B7EB1E-CAEA-442E-AF82-32C2A7EFA9D7}
	EndGlobalSection
	GlobalSection(ExtensibilityGlobals) = postSolution
		SolutionGuid = {C706EAB7-946E-4C7E-A25E-3617C7F413FF}
	EndGlobalSection
EndGlobal
